
Microsoft Visual Studio Solution File, Format Version 12.00
# Visual Studio Version 16
VisualStudioVersion = 16.0.29123.88
MinimumVisualStudioVersion = 10.0.40219.1
Project("{FAE04EC0-301F-11D3-BF4B-00C04F79EFBC}") = "TextToSQL", "TextToSQL\TextToSQL.csproj", "{F521893F-8930-4EDE-A450-63D3C7A9A961}"
EndProject
Project("{FAE04EC0-301F-11D3-BF4B-00C04F79EFBC}") = "TextToSQLStarter", "TextToSQLStarter\TextToSQLStarter.csproj", "{7765875A-9E22-4806-B261-EC8FAAE5B8D6}"
EndProject
Global
	GlobalSection(SolutionConfigurationPlatforms) = preSolution
		Debug|Any CPU = Debug|Any CPU
		Release|Any CPU = Release|Any CPU
	EndGlobalSection
	GlobalSection(ProjectConfigurationPlatforms) = postSolution
		{F521893F-8930-4EDE-A450-63D3C7A9A961}.Debug|Any CPU.ActiveCfg = Debug|Any CPU
		{F521893F-8930-4EDE-A450-63D3C7A9A961}.Debug|Any CPU.Build.0 = Debug|Any CPU
		{F521893F-8930-4EDE-A450-63D3C7A9A961}.Release|Any CPU.ActiveCfg = Release|Any CPU
		{F521893F-8930-4EDE-A450-63D3C7A9A961}.Release|Any CPU.Build.0 = Release|Any CPU
		{7765875A-9E22-4806-B261-EC8FAAE5B8D6}.Debug|Any CPU.ActiveCfg = Debug|Any CPU
		{7765875A-9E22-4806-B261-EC8FAAE5B8D6}.Debug|Any CPU.Build.0 = Debug|Any CPU
		{7765875A-9E22-4806-B261-EC8FAAE5B8D6}.Release|Any CPU.ActiveCfg = Release|Any CPU
		{7765875A-9E22-4806-B261-EC8FAAE5B8D6}.Release|Any CPU.Build.0 = Release|Any CPU
	EndGlobalSection
	GlobalSection(SolutionProperties) = preSolution
		HideSolutionNode = FALSE
	EndGlobalSection
	GlobalSection(ExtensibilityGlobals) = postSolution
		SolutionGuid = {60C6D7FC-BE4F-4735-96F5-287DBCB171C0}
	EndGlobalSection
EndGlobal
